Microsoft Visual Studio Solution File, Format Version 11.00
# Visual Studio 2008

Project("{84DCF07E-CD19-39C1-E5C7-7DB2A2292AFA}") = "All 'Bout Wallow - Dialog Work", "Assembly-CSharp.csproj", "{461D191B-76A0-6890-036E-784762E9BE63}"
EndProject
Project("{84DCF07E-CD19-39C1-E5C7-7DB2A2292AFA}") = "All 'Bout Wallow - Dialog Work", "Assembly-CSharp-Editor.csproj", "{1EFB9D0C-2D56-B534-0864-DFF6DD7665E7}"
EndProject
Global
	GlobalSection(SolutionConfigurationPlatforms) = preSolution
		Debug|Any CPU = Debug|Any CPU
		Release|Any CPU = Release|Any CPU
	EndGlobalSection
	GlobalSection(ProjectConfigurationPlatforms) = postSolution
		{461D191B-76A0-6890-036E-784762E9BE63}.Debug|Any CPU.ActiveCfg = Debug|Any CPU
		{461D191B-76A0-6890-036E-784762E9BE63}.Debug|Any CPU.Build.0 = Debug|Any CPU
		{461D191B-76A0-6890-036E-784762E9BE63}.Release|Any CPU.ActiveCfg = Release|Any CPU
		{461D191B-76A0-6890-036E-784762E9BE63}.Release|Any CPU.Build.0 = Release|Any CPU
		{1EFB9D0C-2D56-B534-0864-DFF6DD7665E7}.Debug|Any CPU.ActiveCfg = Debug|Any CPU
		{1EFB9D0C-2D56-B534-0864-DFF6DD7665E7}.Debug|Any CPU.Build.0 = Debug|Any CPU
		{1EFB9D0C-2D56-B534-0864-DFF6DD7665E7}.Release|Any CPU.ActiveCfg = Release|Any CPU
		{1EFB9D0C-2D56-B534-0864-DFF6DD7665E7}.Release|Any CPU.Build.0 = Release|Any CPU
	EndGlobalSection
	GlobalSection(SolutionProperties) = preSolution
		HideSolutionNode = FALSE
	EndGlobalSection
	GlobalSection(MonoDevelopProperties) = preSolution
		StartupItem = Assembly-CSharp.csproj
	EndGlobalSection
EndGlobal
